
Microsoft Visual Studio Solution File, Format Version 12.00
# Visual Studio Version 17
VisualStudioVersion = 17.9.34728.123
MinimumVisualStudioVersion = 10.0.40219.1
Project("{2150E333-8FDC-42A3-9474-1A3956D46DE8}") = "src", "src", "{6EA0821D-C2AD-4ABC-B404-C1E396456AD5}"
EndProject
Project("{9A19103F-16F7-4668-BE54-9A1E7A4F7556}") = "TestChoucair.Presentation.Api", "TestChoucair.Presentation.Api\TestChoucair.Presentation.Api.csproj", "{3DAE1BE0-0F9F-4066-B6BE-67F7A4F6DFE9}"
EndProject
Project("{9A19103F-16F7-4668-BE54-9A1E7A4F7556}") = "TestChoucair.Infrastructure", "TestChoucair.Infrastructure\TestChoucair.Infrastructure.csproj", "{185491D9-19A4-40E1-9F2B-A1BFB95DC049}"
EndProject
Project("{9A19103F-16F7-4668-BE54-9A1E7A4F7556}") = "TestChoucair.Application", "TestChoucair.Application\TestChoucair.Application.csproj", "{DDEDACA6-9755-4167-B3AC-2E68F54357E3}"
EndProject
Project("{2150E333-8FDC-42A3-9474-1A3956D46DE8}") = "Solution Items", "Solution Items", "{3D53A2CC-3E66-4DB3-AF56-191A2FFB869F}"
	ProjectSection(SolutionItems) = preProject
		.gitignore = .gitignore
	EndProjectSection
EndProject
Project("{9A19103F-16F7-4668-BE54-9A1E7A4F7556}") = "TestChoucair.Domain", "TestChoucair.Domain\TestChoucair.Domain.csproj", "{4410368C-6B15-4D21-808A-6FA11A41743E}"
EndProject
Global
	GlobalSection(SolutionConfigurationPlatforms) = preSolution
		Debug|Any CPU = Debug|Any CPU
		Release|Any CPU = Release|Any CPU
	EndGlobalSection
	GlobalSection(ProjectConfigurationPlatforms) = postSolution
		{3DAE1BE0-0F9F-4066-B6BE-67F7A4F6DFE9}.Debug|Any CPU.ActiveCfg = Debug|Any CPU
		{3DAE1BE0-0F9F-4066-B6BE-67F7A4F6DFE9}.Debug|Any CPU.Build.0 = Debug|Any CPU
		{3DAE1BE0-0F9F-4066-B6BE-67F7A4F6DFE9}.Release|Any CPU.ActiveCfg = Release|Any CPU
		{3DAE1BE0-0F9F-4066-B6BE-67F7A4F6DFE9}.Release|Any CPU.Build.0 = Release|Any CPU
		{185491D9-19A4-40E1-9F2B-A1BFB95DC049}.Debug|Any CPU.ActiveCfg = Debug|Any CPU
		{185491D9-19A4-40E1-9F2B-A1BFB95DC049}.Debug|Any CPU.Build.0 = Debug|Any CPU
		{185491D9-19A4-40E1-9F2B-A1BFB95DC049}.Release|Any CPU.ActiveCfg = Release|Any CPU
		{185491D9-19A4-40E1-9F2B-A1BFB95DC049}.Release|Any CPU.Build.0 = Release|Any CPU
		{DDEDACA6-9755-4167-B3AC-2E68F54357E3}.Debug|Any CPU.ActiveCfg = Debug|Any CPU
		{DDEDACA6-9755-4167-B3AC-2E68F54357E3}.Debug|Any CPU.Build.0 = Debug|Any CPU
		{DDEDACA6-9755-4167-B3AC-2E68F54357E3}.Release|Any CPU.ActiveCfg = Release|Any CPU
		{DDEDACA6-9755-4167-B3AC-2E68F54357E3}.Release|Any CPU.Build.0 = Release|Any CPU
		{4410368C-6B15-4D21-808A-6FA11A41743E}.Debug|Any CPU.ActiveCfg = Debug|Any CPU
		{4410368C-6B15-4D21-808A-6FA11A41743E}.Debug|Any CPU.Build.0 = Debug|Any CPU
		{4410368C-6B15-4D21-808A-6FA11A41743E}.Release|Any CPU.ActiveCfg = Release|Any CPU
		{4410368C-6B15-4D21-808A-6FA11A41743E}.Release|Any CPU.Build.0 = Release|Any CPU
	EndGlobalSection
	GlobalSection(SolutionProperties) = preSolution
		HideSolutionNode = FALSE
	EndGlobalSection
	GlobalSection(NestedProjects) = preSolution
		{3DAE1BE0-0F9F-4066-B6BE-67F7A4F6DFE9} = {6EA0821D-C2AD-4ABC-B404-C1E396456AD5}
		{185491D9-19A4-40E1-9F2B-A1BFB95DC049} = {6EA0821D-C2AD-4ABC-B404-C1E396456AD5}
		{DDEDACA6-9755-4167-B3AC-2E68F54357E3} = {6EA0821D-C2AD-4ABC-B404-C1E396456AD5}
		{4410368C-6B15-4D21-808A-6FA11A41743E} = {6EA0821D-C2AD-4ABC-B404-C1E396456AD5}
	EndGlobalSection
	GlobalSection(ExtensibilityGlobals) = postSolution
		SolutionGuid = {AF7ADC2C-44AB-48BC-954C-BCF1204B1381}
	EndGlobalSection
EndGlobal
